// !$*UTF8*$!
{
	archiveVersion = 1;
	classes = {
	};
	objectVersion = 50;
	objects = {

/* Begin PBXBuildFile section */
		E1CEEC14233615ED000F525C /* AppDelegate.swift in Sources */ = {isa = PBXBuildFile; fileRef = E1CEEC13233615ED000F525C /* AppDelegate.swift */; };
		E1CEEC16233615ED000F525C /* SceneDelegate.swift in Sources */ = {isa = PBXBuildFile; fileRef = E1CEEC15233615ED000F525C /* SceneDelegate.swift */; };
		E1CEEC18233615ED000F525C /* ContentView.swift in Sources */ = {isa = PBXBuildFile; fileRef = E1CEEC17233615ED000F525C /* ContentView.swift */; };
		E1CEEC1A233615F1000F525C /* Assets.xcassets in Resources */ = {isa = PBXBuildFile; fileRef = E1CEEC19233615F1000F525C /* Assets.xcassets */; };
		E1CEEC1D233615F1000F525C /* Preview Assets.xcassets in Resources */ = {isa = PBXBuildFile; fileRef = E1CEEC1C233615F1000F525C /* Preview Assets.xcassets */; };
		E1CEEC20233615F1000F525C /* LaunchScreen.storyboard in Resources */ = {isa = PBXBuildFile; fileRef = E1CEEC1E233615F1000F525C /* LaunchScreen.storyboard */; };
/* End PBXBuildFile section */

/* Begin PBXFileReference section */
		E1CEEC10233615ED000F525C /* DrawSwiftUI.app */ = {isa = PBXFileReference; explicitFileType = wrapper.application; includeInIndex = 0; path = DrawSwiftUI.app; sourceTree = BUILT_PRODUCTS_DIR; };
		E1CEEC13233615ED000F525C /* AppDelegate.swift */ = {isa = PBXFileReference; lastKnownFileType = sourcecode.swift; path = AppDelegate.swift; sourceTree = "<group>"; };
		E1CEEC15233615ED000F525C /* SceneDelegate.swift */ = {isa = PBXFileReference; lastKnownFileType = sourcecode.swift; path = SceneDelegate.swift; sourceTree = "<group>"; };
		E1CEEC17233615ED000F525C /* ContentView.swift */ = {isa = PBXFileReference; lastKnownFileType = sourcecode.swift; path = ContentView.swift; sourceTree = "<group>"; };
		E1CEEC19233615F1000F525C /* Assets.xcassets */ = {isa = PBXFileReference; lastKnownFileType = folder.assetcatalog; path = Assets.xcassets; sourceTree = "<group>"; };
		E1CEEC1C233615F1000F525C /* Preview Assets.xcassets */ = {isa = PBXFileReference; lastKnownFileType = folder.assetcatalog; path = "Preview Assets.xcassets"; sourceTree = "<group>"; };
		E1CEEC1F233615F1000F525C /* Base */ = {isa = PBXFileReference; lastKnownFileType = file.storyboard; name = Base; path = Base.lproj/LaunchScreen.storyboard; sourceTree = "<group>"; };
		E1CEEC21233615F1000F525C /* Info.plist */ = {isa = PBXFileReference; lastKnownFileType = text.plist.xml; path = Info.plist; sourceTree = "<group>"; };
/* End PBXFileReference section */

/* Begin PBXFrameworksBuildPhase section */
		E1CEEC0D233615ED000F525C /* Frameworks */ = {
			isa = PBXFrameworksBuildPhase;
			buildActionMask = 2147483647;
			files = (
			);
			runOnlyForDeploymentPostprocessing = 0;
		};
/* End PBXFrameworksBuildPhase section */

/* Begin PBXGroup section */
		E1CEEC07233615ED000F525C = {
			isa = PBXGroup;
			children = (
				E1CEEC12233615ED000F525C /* DrawSwiftUI */,
				E1CEEC11233615ED000F525C /* Products */,
			);
			sourceTree = "<group>";
		};
		E1CEEC11233615ED000F525C /* Products */ = {
			isa = PBXGroup;
			children = (
				E1CEEC10233615ED000F525C /* DrawSwiftUI.app */,
			);
			name = Products;
			sourceTree = "<group>";
		};
		E1CEEC12233615ED000F525C /* DrawSwiftUI */ = {
			isa = PBXGroup;
			children = (
				E1CEEC13233615ED000F525C /* AppDelegate.swift */,
				E1CEEC15233615ED000F525C /* SceneDelegate.swift */,
				E1CEEC17233615ED000F525C /* ContentView.swift */,
				E1CEEC19233615F1000F525C /* Assets.xcassets */,
				E1CEEC1E233615F1000F525C /* LaunchScreen.storyboard */,
				E1CEEC21233615F1000F525C /* Info.plist */,
				E1CEEC1B233615F1000F525C /* Preview Content */,
			);
			path = DrawSwiftUI;
			sourceTree = "<group>";
		};
		E1CEEC1B233615F1000F525C /* Preview Content */ = {
			isa = PBXGroup;
			children = (
				E1CEEC1C233615F1000F525C /* Preview Assets.xcassets */,
			);
			path = "Preview Content";
			sourceTree = "<group>";
		};
/* End PBXGroup section */

/* Begin PBXNativeTarget section */
		E1CEEC0F233615ED000F525C /* DrawSwiftUI */ = {
			isa = PBXNativeTarget;
			buildConfigurationList = E1CEEC24233615F1000F525C /* Build configuration list for PBXNativeTarget "DrawSwiftUI" */;
			buildPhases = (
				E1CEEC0C233615ED000F525C /* Sources */,
				E1CEEC0D233615ED000F525C /* Frameworks */,
				E1CEEC0E233615ED000F525C /* Resources */,
			);
			buildRules = (
			);
			dependencies = (
			);
			name = DrawSwiftUI;
			productName = DrawSwiftUI;
			productReference = E1CEEC10233615ED000F525C /* DrawSwiftUI.app */;
			productType = "com.apple.product-type.application";
		};
/* End PBXNativeTarget section */

/* Begin PBXProject section */
		E1CEEC08233615ED000F525C /* Project object */ = {
			isa = PBXProject;
			attributes = {
				LastSwiftUpdateCheck = 1100;
				LastUpgradeCheck = 1100;
				ORGANIZATIONNAME = "Julia Wang";
				TargetAttributes = {
					E1CEEC0F233615ED000F525C = {
						CreatedOnToolsVersion = 11.0;
					};
				};
			};
			buildConfigurationList = E1CEEC0B233615ED000F525C /* Build configuration list for PBXProject "DrawSwiftUI" */;
			compatibilityVersion = "Xcode 9.3";
			developmentRegion = en;
			hasScannedForEncodings = 0;
			knownRegions = (
				en,
				Base,
			);
			mainGroup = E1CEEC07233615ED000F525C;
			productRefGroup = E1CEEC11233615ED000F525C /* Products */;
			projectDirPath = "";
			projectRoot = "";
			targets = (
				E1CEEC0F233615ED000F525C /* DrawSwiftUI */,
			);
		};
/* End PBXProject section */

/* Begin PBXResourcesBuildPhase section */
		E1CEEC0E233615ED000F525C /* Resources */ = {
			isa = PBXResourcesBuildPhase;
			buildActionMask = 2147483647;
			files = (
				E1CEEC20233615F1000F525C /* LaunchScreen.storyboard in Resources */,
				E1CEEC1D233615F1000F525C /* Preview Assets.xcassets in Resources */,
				E1CEEC1A233615F1000F525C /* Assets.xcassets in Resources */,
			);
			runOnlyForDeploymentPostprocessing = 0;
		};
/* End PBXResourcesBuildPhase section */

/* Begin PBXSourcesBuildPhase section */
		E1CEEC0C233615ED000F525C /* Sources */ = {
			isa = PBXSourcesBuildPhase;
			buildActionMask = 2147483647;
			files = (
				E1CEEC14233615ED000F525C /* AppDelegate.swift in Sources */,
				E1CEEC16233615ED000F525C /* SceneDelegate.swift in Sources */,
				E1CEEC18233615ED000F525C /* ContentView.swift in Sources */,
			);
			runOnlyForDeploymentPostprocessing = 0;
		};
/* End PBXSourcesBuildPhase section */

/* Begin PBXVariantGroup section */
		E1CEEC1E233615F1000F525C /* LaunchScreen.storyboard */ = {
			isa = PBXVariantGroup;
			children = (
				E1CEEC1F233615F1000F525C /* Base */,
			);
			name = LaunchScreen.storyboard;
			sourceTree = "<group>";
		};
/* End PBXVariantGroup section */

/* Begin XCBuildConfiguration section */
		E1CEEC22233615F1000F525C /* Debug */ = {
			isa = XCBuildConfiguration;
			buildSettings = {
				ALWAYS_SEARCH_USER_PATHS = NO;
				CLANG_ANALYZER_NONNULL = YES;
				CLANG_ANALYZER_NUMBER_OBJECT_CONVERSION = YES_AGGRESSIVE;
				CLANG_CXX_LANGUAGE_STANDARD = "gnu++14";
				CLANG_CXX_LIBRARY = "libc++";
				CLANG_ENABLE_MODULES = YES;
				CLANG_ENABLE_OBJC_ARC = YES;
				CLANG_ENABLE_OBJC_WEAK = YES;
				CLANG_WARN_BLOCK_CAPTURE_AUTORELEASING = YES;
				CLANG_WARN_BOOL_CONVERSION = YES;
				CLANG_WARN_COMMA = YES;
				CLANG_WARN_CONSTANT_CONVERSION = YES;
				CLANG_WARN_DEPRECATED_OBJC_IMPLEMENTATIONS = YES;
				CLANG_WARN_DIRECT_OBJC_ISA_USAGE = YES_ERROR;
				CLANG_WARN_DOCUMENTATION_COMMENTS = YES;
				CLANG_WARN_EMPTY_BODY = YES;
				CLANG_WARN_ENUM_CONVERSION = YES;
				CLANG_WARN_INFINITE_RECURSION = YES;
				CLANG_WARN_INT_CONVERSION = YES;
				CLANG_WARN_NON_LITERAL_NULL_CONVERSION = YES;
				CLANG_WARN_OBJC_IMPLICIT_RETAIN_SELF = YES;
				CLANG_WARN_OBJC_LITERAL_CONVERSION = YES;
				CLANG_WARN_OBJC_ROOT_CLASS = YES_ERROR;
				CLANG_WARN_RANGE_LOOP_ANALYSIS = YES;
				CLANG_WARN_STRICT_PROTOTYPES = YES;
				CLANG_WARN_SUSPICIOUS_MOVE = YES;
				CLANG_WARN_UNGUARDED_AVAILABILITY = YES_AGGRESSIVE;
				CLANG_WARN_UNREACHABLE_CODE = YES;
				CLANG_WARN__DUPLICATE_METHOD_MATCH = YES;
				COPY_PHASE_STRIP = NO;
				DEBUG_INFORMATION_FORMAT = dwarf;
				ENABLE_STRICT_OBJC_MSGSEND = YES;
				ENABLE_TESTABILITY = YES;
				GCC_C_LANGUAGE_STANDARD = gnu11;
				GCC_DYNAMIC_NO_PIC = NO;
				GCC_NO_COMMON_BLOCKS = YES;
				GCC_OPTIMIZATION_LEVEL = 0;
				GCC_PREPROCESSOR_DEFINITIONS = (
					"DEBUG=1",
					"$(inherited)",
				);
				GCC_WARN_64_TO_32_BIT_CONVERSION = YES;
				GCC_WARN_ABOUT_RETURN_TYPE = YES_ERROR;
				GCC_WARN_UNDECLARED_SELECTOR = YES;
				GCC_WARN_UNINITIALIZED_AUTOS = YES_AGGRESSIVE;
				GCC_WARN_UNUSED_FUNCTION = YES;
				GCC_WARN_UNUSED_VARIABLE = YES;
				IPHONEOS_DEPLOYMENT_TARGET = 13.0;
				MTL_ENABLE_DEBUG_INFO = INCLUDE_SOURCE;
				MTL_FAST_MATH = YES;
				ONLY_ACTIVE_ARCH = YES;
				SDKROOT = iphoneos;
				SWIFT_ACTIVE_COMPILATION_CONDITIONS = DEBUG;
				SWIFT_OPTIMIZATION_LEVEL = "-Onone";
			};
			name = Debug;
		};
		E1CEEC23233615F1000F525C /* Release */ = {
			isa = XCBuildConfiguration;
			buildSettings = {
				ALWAYS_SEARCH_USER_PATHS = NO;
				CLANG_ANALYZER_NONNULL = YES;
				CLANG_ANALYZER_NUMBER_OBJECT_CONVERSION = YES_AGGRESSIVE;
				CLANG_CXX_LANGUAGE_STANDARD = "gnu++14";
				CLANG_CXX_LIBRARY = "libc++";
				CLANG_ENABLE_MODULES = YES;
				CLANG_ENABLE_OBJC_ARC = YES;
				CLANG_ENABLE_OBJC_WEAK = YES;
				CLANG_WARN_BLOCK_CAPTURE_AUTORELEASING = YES;
				CLANG_WARN_BOOL_CONVERSION = YES;
				CLANG_WARN_COMMA = YES;
				CLANG_WARN_CONSTANT_CONVERSION = YES;
				CLANG_WARN_DEPRECATED_OBJC_IMPLEMENTATIONS = YES;
				CLANG_WARN_DIRECT_OBJC_ISA_USAGE = YES_ERROR;
				CLANG_WARN_DOCUMENTATION_COMMENTS = YES;
				CLANG_WARN_EMPTY_BODY = YES;
				CLANG_WARN_ENUM_CONVERSION = YES;
				CLANG_WARN_INFINITE_RECURSION = YES;
				CLANG_WARN_INT_CONVERSION = YES;
				CLANG_WARN_NON_LITERAL_NULL_CONVERSION = YES;
				CLANG_WARN_OBJC_IMPLICIT_RETAIN_SELF = YES;
				CLANG_WARN_OBJC_LITERAL_CONVERSION = YES;
				CLANG_WARN_OBJC_ROOT_CLASS = YES_ERROR;
				CLANG_WARN_RANGE_LOOP_ANALYSIS = YES;
				CLANG_WARN_STRICT_PROTOTYPES = YES;
				CLANG_WARN_SUSPICIOUS_MOVE = YES;
				CLANG_WARN_UNGUARDED_AVAILABILITY = YES_AGGRESSIVE;
				CLANG_WARN_UNREACHABLE_CODE = YES;
				CLANG_WARN__DUPLICATE_METHOD_MATCH = YES;
				COPY_PHASE_STRIP = NO;
				DEBUG_INFORMATION_FORMAT = "dwarf-with-dsym";
				ENABLE_NS_ASSERTIONS = NO;
				ENABLE_STRICT_OBJC_MSGSEND = YES;
				GCC_C_LANGUAGE_STANDARD = gnu11;
				GCC_NO_COMMON_BLOCKS = YES;
				GCC_WARN_64_TO_32_BIT_CONVERSION = YES;
				GCC_WARN_ABOUT_RETURN_TYPE = YES_ERROR;
				GCC_WARN_UNDECLARED_SELECTOR = YES;
				GCC_WARN_UNINITIALIZED_AUTOS = YES_AGGRESSIVE;
				GCC_WARN_UNUSED_FUNCTION = YES;
				GCC_WARN_UNUSED_VARIABLE = YES;
				IPHONEOS_DEPLOYMENT_TARGET = 13.0;
				MTL_ENABLE_DEBUG_INFO = NO;
				MTL_FAST_MATH = YES;
				SDKROOT = iphoneos;
				SWIFT_COMPILATION_MODE = wholemodule;
				SWIFT_OPTIMIZATION_LEVEL = "-O";
				VALIDATE_PRODUCT = YES;
			};
			name = Release;
		};
		E1CEEC25233615F1000F525C /* Debug */ = {
			isa = XCBuildConfiguration;
			buildSettings = {
				ASSETCATALOG_COMPILER_APPICON_NAME = AppIcon;
				CODE_SIGN_STYLE = Automatic;
				DEVELOPMENT_ASSET_PATHS = "\"DrawSwiftUI/Preview Content\"";
				DEVELOPMENT_TEAM = R3W6W2Y2SZ;
				ENABLE_PREVIEWS = YES;
				INFOPLIST_FILE = DrawSwiftUI/Info.plist;
				LD_RUNPATH_SEARCH_PATHS = (
					"$(inherited)",
					"@executable_path/Frameworks",
				);
				PRODUCT_BUNDLE_IDENTIFIER = "-120.DrawSwiftUI";
				PRODUCT_NAME = "$(TARGET_NAME)";
				SWIFT_VERSION = 5.0;
				TARGETED_DEVICE_FAMILY = "1,2";
			};
			name = Debug;
		};
		E1CEEC26233615F1000F525C /* Release */ = {
			isa = XCBuildConfiguration;
			buildSettings = {
				ASSETCATALOG_COMPILER_APPICON_NAME = AppIcon;
				CODE_SIGN_STYLE = Automatic;
				DEVELOPMENT_ASSET_PATHS = "\"DrawSwiftUI/Preview Content\"";
				DEVELOPMENT_TEAM = R3W6W2Y2SZ;
				ENABLE_PREVIEWS = YES;
				INFOPLIST_FILE = DrawSwiftUI/Info.plist;
				LD_RUNPATH_SEARCH_PATHS = (
					"$(inherited)",
					"@executable_path/Frameworks",
				);
				PRODUCT_BUNDLE_IDENTIFIER = "-120.DrawSwiftUI";
				PRODUCT_NAME = "$(TARGET_NAME)";
				SWIFT_VERSION = 5.0;
				TARGETED_DEVICE_FAMILY = "1,2";
			};
			name = Release;
		};
/* End XCBuildConfiguration section */

/* Begin XCConfigurationList section */
		E1CEEC0B233615ED000F525C /* Build configuration list for PBXProject "DrawSwiftUI" */ = {
			isa = XCConfigurationList;
			buildConfigurations = (
				E1CEEC22233615F1000F525C /* Debug */,
				E1CEEC23233615F1000F525C /* Release */,
			);
			defaultConfigurationIsVisible = 0;
			defaultConfigurationName = Release;
		};
		E1CEEC24233615F1000F525C /* Build configuration list for PBXNativeTarget "DrawSwiftUI" */ = {
			isa = XCConfigurationList;
			buildConfigurations = (
				E1CEEC25233615F1000F525C /* Debug */,
				E1CEEC26233615F1000F525C /* Release */,
			);
			defaultConfigurationIsVisible = 0;
			defaultConfigurationName = Release;
		};
/* End XCConfigurationList section */
	};
	rootObject = E1CEEC08233615ED000F525C /* Project object */;
}
